
Microsoft Visual Studio Solution File, Format Version 12.00
# Visual Studio Version 16
VisualStudioVersion = 16.0.30128.74
MinimumVisualStudioVersion = 10.0.40219.1
Project("{9A19103F-16F7-4668-BE54-9A1E7A4F7556}") = "LocationAndWeatherFinder", "LocationAndWeatherFinder\LocationAndWeatherFinder.csproj", "{0F96104A-AF2C-460D-887B-E14AB9889396}"
EndProject
Project("{9A19103F-16F7-4668-BE54-9A1E7A4F7556}") = "LocationAndWeatherFinder.Business", "LocationAndWeatherFinder.Business\LocationAndWeatherFinder.Business.csproj", "{53334F9B-17E9-4094-A5DD-32248B100F42}"
EndProject
Project("{9A19103F-16F7-4668-BE54-9A1E7A4F7556}") = "LocationAndWeatherFinder.Business.Tests", "LocationAndWeatherFinder.Business.Test\LocationAndWeatherFinder.Business.Tests.csproj", "{91CC32D1-38F7-41EB-998F-A9580B3E9B97}"
EndProject
Project("{9A19103F-16F7-4668-BE54-9A1E7A4F7556}") = "LocationAndWeatherFinder.Common", "LocationAndWeatherFinder.Common\LocationAndWeatherFinder.Common.csproj", "{BAE40614-DB61-46CE-8243-6EB6A9A62D45}"
EndProject
Project("{FAE04EC0-301F-11D3-BF4B-00C04F79EFBC}") = "LocationAndWeatherFinder.Service", "LocationAndWeatherFinder.Service\LocationAndWeatherFinder.Service.csproj", "{03ED8E9C-09F0-4122-9636-9E8F63D52647}"
EndProject
Global
	GlobalSection(SolutionConfigurationPlatforms) = preSolution
		Debug|Any CPU = Debug|Any CPU
		Release|Any CPU = Release|Any CPU
	EndGlobalSection
	GlobalSection(ProjectConfigurationPlatforms) = postSolution
		{0F96104A-AF2C-460D-887B-E14AB9889396}.Debug|Any CPU.ActiveCfg = Debug|Any CPU
		{0F96104A-AF2C-460D-887B-E14AB9889396}.Debug|Any CPU.Build.0 = Debug|Any CPU
		{0F96104A-AF2C-460D-887B-E14AB9889396}.Release|Any CPU.ActiveCfg = Release|Any CPU
		{0F96104A-AF2C-460D-887B-E14AB9889396}.Release|Any CPU.Build.0 = Release|Any CPU
		{53334F9B-17E9-4094-A5DD-32248B100F42}.Debug|Any CPU.ActiveCfg = Debug|Any CPU
		{53334F9B-17E9-4094-A5DD-32248B100F42}.Debug|Any CPU.Build.0 = Debug|Any CPU
		{53334F9B-17E9-4094-A5DD-32248B100F42}.Release|Any CPU.ActiveCfg = Release|Any CPU
		{53334F9B-17E9-4094-A5DD-32248B100F42}.Release|Any CPU.Build.0 = Release|Any CPU
		{91CC32D1-38F7-41EB-998F-A9580B3E9B97}.Debug|Any CPU.ActiveCfg = Debug|Any CPU
		{91CC32D1-38F7-41EB-998F-A9580B3E9B97}.Debug|Any CPU.Build.0 = Debug|Any CPU
		{91CC32D1-38F7-41EB-998F-A9580B3E9B97}.Release|Any CPU.ActiveCfg = Release|Any CPU
		{91CC32D1-38F7-41EB-998F-A9580B3E9B97}.Release|Any CPU.Build.0 = Release|Any CPU
		{BAE40614-DB61-46CE-8243-6EB6A9A62D45}.Debug|Any CPU.ActiveCfg = Debug|Any CPU
		{BAE40614-DB61-46CE-8243-6EB6A9A62D45}.Debug|Any CPU.Build.0 = Debug|Any CPU
		{BAE40614-DB61-46CE-8243-6EB6A9A62D45}.Release|Any CPU.ActiveCfg = Release|Any CPU
		{BAE40614-DB61-46CE-8243-6EB6A9A62D45}.Release|Any CPU.Build.0 = Release|Any CPU
		{03ED8E9C-09F0-4122-9636-9E8F63D52647}.Debug|Any CPU.ActiveCfg = Debug|Any CPU
		{03ED8E9C-09F0-4122-9636-9E8F63D52647}.Debug|Any CPU.Build.0 = Debug|Any CPU
		{03ED8E9C-09F0-4122-9636-9E8F63D52647}.Release|Any CPU.ActiveCfg = Release|Any CPU
		{03ED8E9C-09F0-4122-9636-9E8F63D52647}.Release|Any CPU.Build.0 = Release|Any CPU
	EndGlobalSection
	GlobalSection(SolutionProperties) = preSolution
		HideSolutionNode = FALSE
	EndGlobalSection
	GlobalSection(ExtensibilityGlobals) = postSolution
		SolutionGuid = {E29B2569-7748-4122-9CC5-9A78C1AB23BD}
	EndGlobalSection
EndGlobal
